
Microsoft Visual Studio Solution File, Format Version 12.00
# Visual Studio Version 16
VisualStudioVersion = 16.0.30011.22
MinimumVisualStudioVersion = 10.0.40219.1
Project("{9A19103F-16F7-4668-BE54-9A1E7A4F7556}") = "SyncNode", "SyncNode\SyncNode.csproj", "{BE820FEA-79CD-4D0C-8301-33024E4BC63A}"
EndProject
Project("{9A19103F-16F7-4668-BE54-9A1E7A4F7556}") = "Common", "Common\Common.csproj", "{5B570FB5-C637-4904-9817-5907EBA32CCF}"
EndProject
Project("{9A19103F-16F7-4668-BE54-9A1E7A4F7556}") = "Client", "Client\Client.csproj", "{FEEECF9A-A7BC-4D52-A97C-1F52ADE65C57}"
EndProject
Project("{FAE04EC0-301F-11D3-BF4B-00C04F79EFBC}") = "Proxy", "Proxy\Proxy.csproj", "{283CD4CF-DCC9-432D-BA5A-587B043C030F}"
EndProject
Project("{FAE04EC0-301F-11D3-BF4B-00C04F79EFBC}") = "MenuAPI", "MenuAPI\MenuAPI.csproj", "{2C1D72EA-D481-46B4-B85C-754481BB9F0A}"
EndProject
Global
	GlobalSection(SolutionConfigurationPlatforms) = preSolution
		Debug|Any CPU = Debug|Any CPU
		Release|Any CPU = Release|Any CPU
	EndGlobalSection
	GlobalSection(ProjectConfigurationPlatforms) = postSolution
		{BE820FEA-79CD-4D0C-8301-33024E4BC63A}.Debug|Any CPU.ActiveCfg = Debug|Any CPU
		{BE820FEA-79CD-4D0C-8301-33024E4BC63A}.Debug|Any CPU.Build.0 = Debug|Any CPU
		{BE820FEA-79CD-4D0C-8301-33024E4BC63A}.Release|Any CPU.ActiveCfg = Release|Any CPU
		{BE820FEA-79CD-4D0C-8301-33024E4BC63A}.Release|Any CPU.Build.0 = Release|Any CPU
		{5B570FB5-C637-4904-9817-5907EBA32CCF}.Debug|Any CPU.ActiveCfg = Debug|Any CPU
		{5B570FB5-C637-4904-9817-5907EBA32CCF}.Debug|Any CPU.Build.0 = Debug|Any CPU
		{5B570FB5-C637-4904-9817-5907EBA32CCF}.Release|Any CPU.ActiveCfg = Release|Any CPU
		{5B570FB5-C637-4904-9817-5907EBA32CCF}.Release|Any CPU.Build.0 = Release|Any CPU
		{FEEECF9A-A7BC-4D52-A97C-1F52ADE65C57}.Debug|Any CPU.ActiveCfg = Debug|Any CPU
		{FEEECF9A-A7BC-4D52-A97C-1F52ADE65C57}.Debug|Any CPU.Build.0 = Debug|Any CPU
		{FEEECF9A-A7BC-4D52-A97C-1F52ADE65C57}.Release|Any CPU.ActiveCfg = Release|Any CPU
		{FEEECF9A-A7BC-4D52-A97C-1F52ADE65C57}.Release|Any CPU.Build.0 = Release|Any CPU
		{283CD4CF-DCC9-432D-BA5A-587B043C030F}.Debug|Any CPU.ActiveCfg = Debug|Any CPU
		{283CD4CF-DCC9-432D-BA5A-587B043C030F}.Debug|Any CPU.Build.0 = Debug|Any CPU
		{283CD4CF-DCC9-432D-BA5A-587B043C030F}.Release|Any CPU.ActiveCfg = Release|Any CPU
		{283CD4CF-DCC9-432D-BA5A-587B043C030F}.Release|Any CPU.Build.0 = Release|Any CPU
		{2C1D72EA-D481-46B4-B85C-754481BB9F0A}.Debug|Any CPU.ActiveCfg = Debug|Any CPU
		{2C1D72EA-D481-46B4-B85C-754481BB9F0A}.Debug|Any CPU.Build.0 = Debug|Any CPU
		{2C1D72EA-D481-46B4-B85C-754481BB9F0A}.Release|Any CPU.ActiveCfg = Release|Any CPU
		{2C1D72EA-D481-46B4-B85C-754481BB9F0A}.Release|Any CPU.Build.0 = Release|Any CPU
	EndGlobalSection
	GlobalSection(SolutionProperties) = preSolution
		HideSolutionNode = FALSE
	EndGlobalSection
	GlobalSection(ExtensibilityGlobals) = postSolution
		SolutionGuid = {5B7C1DB8-3981-441E-9D31-7853C16CA225}
	EndGlobalSection
EndGlobal
